// !$*UTF8*$!
{
	archiveVersion = 1;
	classes = {
	};
	objectVersion = 46;
	objects = {

/* Begin PBXBuildFile section */
		C06C96C51551BD11007664B2 /* UIKit.framework in Frameworks */ = {isa = PBXBuildFile; fileRef = C06C96C41551BD11007664B2 /* UIKit.framework */; };
		C06C96C71551BD11007664B2 /* Foundation.framework in Frameworks */ = {isa = PBXBuildFile; fileRef = C06C96C61551BD11007664B2 /* Foundation.framework */; };
		C06C96C91551BD11007664B2 /* CoreGraphics.framework in Frameworks */ = {isa = PBXBuildFile; fileRef = C06C96C81551BD11007664B2 /* CoreGraphics.framework */; };
		C06C96CF1551BD11007664B2 /* InfoPlist.strings in Resources */ = {isa = PBXBuildFile; fileRef = C06C96CD1551BD11007664B2 /* InfoPlist.strings */; };
		C06C96D11551BD11007664B2 /* main.m in Sources */ = {isa = PBXBuildFile; fileRef = C06C96D01551BD11007664B2 /* main.m */; };
		C06C96D51551BD11007664B2 /* AppDelegate.m in Sources */ = {isa = PBXBuildFile; fileRef = C06C96D41551BD11007664B2 /* AppDelegate.m */; };
		C06C96E41551C3C6007664B2 /* FBViewController.m in Sources */ = {isa = PBXBuildFile; fileRef = C06C96DC1551C3C6007664B2 /* FBViewController.m */; };
		C06C96E51551C3C6007664B2 /* FBViewController.xib in Resources */ = {isa = PBXBuildFile; fileRef = C06C96DD1551C3C6007664B2 /* FBViewController.xib */; };
		C06C96E61551C3C6007664B2 /* MUViewController.m in Sources */ = {isa = PBXBuildFile; fileRef = C06C96DF1551C3C6007664B2 /* MUViewController.m */; };
		C06C96E71551C3C6007664B2 /* MUViewController.xib in Resources */ = {isa = PBXBuildFile; fileRef = C06C96E01551C3C6007664B2 /* MUViewController.xib */; };
		C06C96E81551C3C6007664B2 /* VKViewController.m in Sources */ = {isa = PBXBuildFile; fileRef = C06C96E21551C3C6007664B2 /* VKViewController.m */; };
		C06C96E91551C3C6007664B2 /* VKViewController.xib in Resources */ = {isa = PBXBuildFile; fileRef = C06C96E31551C3C6007664B2 /* VKViewController.xib */; };
		C07454B31551E2FD00A53EAC /* libMSDK.a in Frameworks */ = {isa = PBXBuildFile; fileRef = C07454B01551E2EC00A53EAC /* libMSDK.a */; };
		F30AEF84155A62E10062AAE0 /* UIMainScreenViewController.m in Sources */ = {isa = PBXBuildFile; fileRef = F30AEF83155A62E10062AAE0 /* UIMainScreenViewController.m */; };
		F30AEF87155A633D0062AAE0 /* UIMainScreenViewController.xib in Resources */ = {isa = PBXBuildFile; fileRef = F30AEF86155A633D0062AAE0 /* UIMainScreenViewController.xib */; };
		F30AEFA9155A86210062AAE0 /* SplitView.m in Sources */ = {isa = PBXBuildFile; fileRef = F30AEFA5155A86210062AAE0 /* SplitView.m */; };
		F30AEFB0155A9C4C0062AAE0 /* SplitView.xib in Resources */ = {isa = PBXBuildFile; fileRef = F30AEFAF155A9C4C0062AAE0 /* SplitView.xib */; };
		F30AEFC3155AC3570062AAE0 /* UIMainView.m in Sources */ = {isa = PBXBuildFile; fileRef = F30AEFC2155AC3560062AAE0 /* UIMainView.m */; };
		F30AEFC6155AF6000062AAE0 /* UIMenuView.m in Sources */ = {isa = PBXBuildFile; fileRef = F30AEFC5155AF6000062AAE0 /* UIMenuView.m */; };
		F3F49D501556F0AE00579116 /* UIRegesterViewController.m in Sources */ = {isa = PBXBuildFile; fileRef = F3F49D481556F0AE00579116 /* UIRegesterViewController.m */; };
		F3F49D511556F0AE00579116 /* MPUIView.m in Sources */ = {isa = PBXBuildFile; fileRef = F3F49D4A1556F0AE00579116 /* MPUIView.m */; };
		F3F49D521556F0AE00579116 /* MPUIView.xib in Resources */ = {isa = PBXBuildFile; fileRef = F3F49D4B1556F0AE00579116 /* MPUIView.xib */; };
		F3F49D531556F0AE00579116 /* UISplashViewController.m in Sources */ = {isa = PBXBuildFile; fileRef = F3F49D4D1556F0AE00579116 /* UISplashViewController.m */; };
		F3F49D541556F0AE00579116 /* UISplashViewController.xib in Resources */ = {isa = PBXBuildFile; fileRef = F3F49D4E1556F0AE00579116 /* UISplashViewController.xib */; };
		F3F49D551556F0AE00579116 /* UIRegesterViewController.xib in Resources */ = {isa = PBXBuildFile; fileRef = F3F49D4F1556F0AE00579116 /* UIRegesterViewController.xib */; };
		F3F49D571556F0D800579116 /* QuartzCore.framework in Frameworks */ = {isa = PBXBuildFile; fileRef = F3F49D561556F0D800579116 /* QuartzCore.framework */; };
		F3F49D5E1557CFEA00579116 /* UIMeetUpRegesterViewController.m in Sources */ = {isa = PBXBuildFile; fileRef = F3F49D5D1557CFEA00579116 /* UIMeetUpRegesterViewController.m */; };
		F3F49D601557D01B00579116 /* UIMeetUpRegesterViewController.xib in Resources */ = {isa = PBXBuildFile; fileRef = F3F49D5F1557D01B00579116 /* UIMeetUpRegesterViewController.xib */; };
/* End PBXBuildFile section */

/* Begin PBXContainerItemProxy section */
		C07454AF1551E2EC00A53EAC /* PBXContainerItemProxy */ = {
			isa = PBXContainerItemProxy;
			containerPortal = C07454A71551E2EB00A53EAC /* MSDK.xcodeproj */;
			proxyType = 2;
			remoteGlobalIDString = C06C972D1551C8D6007664B2;
			remoteInfo = MSDK;
		};
		C07454B11551E2F700A53EAC /* PBXContainerItemProxy */ = {
			isa = PBXContainerItemProxy;
			containerPortal = C07454A71551E2EB00A53EAC /* MSDK.xcodeproj */;
			proxyType = 1;
			remoteGlobalIDString = C06C972C1551C8D6007664B2;
			remoteInfo = MSDK;
		};
/* End PBXContainerItemProxy section */

/* Begin PBXFileReference section */
		C06C96C01551BD11007664B2 /* MeetUP.app */ = {isa = PBXFileReference; explicitFileType = wrapper.application; includeInIndex = 0; path = MeetUP.app; sourceTree = BUILT_PRODUCTS_DIR; };
		C06C96C41551BD11007664B2 /* UIKit.framework */ = {isa = PBXFileReference; lastKnownFileType = wrapper.framework; name = UIKit.framework; path = System/Library/Frameworks/UIKit.framework; sourceTree = SDKROOT; };
		C06C96C61551BD11007664B2 /* Foundation.framework */ = {isa = PBXFileReference; lastKnownFileType = wrapper.framework; name = Foundation.framework; path = System/Library/Frameworks/Foundation.framework; sourceTree = SDKROOT; };
		C06C96C81551BD11007664B2 /* CoreGraphics.framework */ = {isa = PBXFileReference; lastKnownFileType = wrapper.framework; name = CoreGraphics.framework; path = System/Library/Frameworks/CoreGraphics.framework; sourceTree = SDKROOT; };
		C06C96CC1551BD11007664B2 /* MeetUP-Info.plist */ = {isa = PBXFileReference; lastKnownFileType = text.plist.xml; path = "MeetUP-Info.plist"; sourceTree = "<group>"; };
		C06C96CE1551BD11007664B2 /* en */ = {isa = PBXFileReference; lastKnownFileType = text.plist.strings; name = en; path = en.lproj/InfoPlist.strings; sourceTree = "<group>"; };
		C06C96D01551BD11007664B2 /* main.m */ = {isa = PBXFileReference; lastKnownFileType = sourcecode.c.objc; path = main.m; sourceTree = "<group>"; };
		C06C96D21551BD11007664B2 /* MeetUP-Prefix.pch */ = {isa = PBXFileReference; lastKnownFileType = sourcecode.c.h; path = "MeetUP-Prefix.pch"; sourceTree = "<group>"; };
		C06C96D31551BD11007664B2 /* AppDelegate.h */ = {isa = PBXFileReference; lastKnownFileType = sourcecode.c.h; name = AppDelegate.h; path = MeetUP/AppDelegate.h; sourceTree = "<group>"; };
		C06C96D41551BD11007664B2 /* AppDelegate.m */ = {isa = PBXFileReference; lastKnownFileType = sourcecode.c.objc; name = AppDelegate.m; path = MeetUP/AppDelegate.m; sourceTree = "<group>"; };
		C06C96DB1551C3C6007664B2 /* FBViewController.h */ = {isa = PBXFileReference; fileEncoding = 4; lastKnownFileType = sourcecode.c.h; name = FBViewController.h; path = MeetUP/FBViewController.h; sourceTree = "<group>"; };
		C06C96DC1551C3C6007664B2 /* FBViewController.m */ = {isa = PBXFileReference; fileEncoding = 4; lastKnownFileType = sourcecode.c.objc; name = FBViewController.m; path = MeetUP/FBViewController.m; sourceTree = "<group>"; };
		C06C96DD1551C3C6007664B2 /* FBViewController.xib */ = {isa = PBXFileReference; fileEncoding = 4; lastKnownFileType = file.xib; name = FBViewController.xib; path = MeetUP/FBViewController.xib; sourceTree = "<group>"; };
		C06C96DE1551C3C6007664B2 /* MUViewController.h */ = {isa = PBXFileReference; fileEncoding = 4; lastKnownFileType = sourcecode.c.h; name = MUViewController.h; path = MeetUP/MUViewController.h; sourceTree = "<group>"; };
		C06C96DF1551C3C6007664B2 /* MUViewController.m */ = {isa = PBXFileReference; fileEncoding = 4; lastKnownFileType = sourcecode.c.objc; name = MUViewController.m; path = MeetUP/MUViewController.m; sourceTree = "<group>"; };
		C06C96E01551C3C6007664B2 /* MUViewController.xib */ = {isa = PBXFileReference; fileEncoding = 4; lastKnownFileType = file.xib; name = MUViewController.xib; path = MeetUP/MUViewController.xib; sourceTree = "<group>"; };
		C06C96E11551C3C6007664B2 /* VKViewController.h */ = {isa = PBXFileReference; fileEncoding = 4; lastKnownFileType = sourcecode.c.h; name = VKViewController.h; path = MeetUP/VKViewController.h; sourceTree = "<group>"; };
		C06C96E21551C3C6007664B2 /* VKViewController.m */ = {isa = PBXFileReference; fileEncoding = 4; lastKnownFileType = sourcecode.c.objc; name = VKViewController.m; path = MeetUP/VKViewController.m; sourceTree = "<group>"; };
		C06C96E31551C3C6007664B2 /* VKViewController.xib */ = {isa = PBXFileReference; fileEncoding = 4; lastKnownFileType = file.xib; name = VKViewController.xib; path = MeetUP/VKViewController.xib; sourceTree = "<group>"; };
		C07454A71551E2EB00A53EAC /* MSDK.xcodeproj */ = {isa = PBXFileReference; lastKnownFileType = "wrapper.pb-project"; name = MSDK.xcodeproj; path = ../MSDK/MSDK.xcodeproj; sourceTree = "<group>"; };
		F30AEF82155A62E10062AAE0 /* UIMainScreenViewController.h */ = {isa = PBXFileReference; fileEncoding = 4; lastKnownFileType = sourcecode.c.h; path = UIMainScreenViewController.h; sourceTree = "<group>"; };
		F30AEF83155A62E10062AAE0 /* UIMainScreenViewController.m */ = {isa = PBXFileReference; fileEncoding = 4; lastKnownFileType = sourcecode.c.objc; path = UIMainScreenViewController.m; sourceTree = "<group>"; };
		F30AEF86155A633D0062AAE0 /* UIMainScreenViewController.xib */ = {isa = PBXFileReference; fileEncoding = 4; lastKnownFileType = file.xib; path = UIMainScreenViewController.xib; sourceTree = "<group>"; };
		F30AEFA4155A86210062AAE0 /* SplitView.h */ = {isa = PBXFileReference; fileEncoding = 4; lastKnownFileType = sourcecode.c.h; name = SplitView.h; path = MeetUP/Classes/Common/SplitView.h; sourceTree = SOURCE_ROOT; };
		F30AEFA5155A86210062AAE0 /* SplitView.m */ = {isa = PBXFileReference; fileEncoding = 4; lastKnownFileType = sourcecode.c.objc; name = SplitView.m; path = MeetUP/Classes/Common/SplitView.m; sourceTree = SOURCE_ROOT; };
		F30AEFAF155A9C4C0062AAE0 /* SplitView.xib */ = {isa = PBXFileReference; fileEncoding = 4; lastKnownFileType = file.xib; path = SplitView.xib; sourceTree = "<group>"; };
		F30AEFC1155AC3560062AAE0 /* UIMainView.h */ = {isa = PBXFileReference; fileEncoding = 4; lastKnownFileType = sourcecode.c.h; name = UIMainView.h; path = "MeetUP/Classes/Main Screen/UIMainView.h"; sourceTree = "<group>"; };
		F30AEFC2155AC3560062AAE0 /* UIMainView.m */ = {isa = PBXFileReference; fileEncoding = 4; lastKnownFileType = sourcecode.c.objc; name = UIMainView.m; path = "MeetUP/Classes/Main Screen/UIMainView.m"; sourceTree = "<group>"; };
		F30AEFC4155AF6000062AAE0 /* UIMenuView.h */ = {isa = PBXFileReference; fileEncoding = 4; lastKnownFileType = sourcecode.c.h; name = UIMenuView.h; path = "MeetUP/Classes/Main Screen/UIMenuView.h"; sourceTree = "<group>"; };
		F30AEFC5155AF6000062AAE0 /* UIMenuView.m */ = {isa = PBXFileReference; fileEncoding = 4; lastKnownFileType = sourcecode.c.objc; name = UIMenuView.m; path = "MeetUP/Classes/Main Screen/UIMenuView.m"; sourceTree = "<group>"; };
		F3F49D471556F0AE00579116 /* UIRegesterViewController.h */ = {isa = PBXFileReference; fileEncoding = 4; lastKnownFileType = sourcecode.c.h; path = UIRegesterViewController.h; sourceTree = "<group>"; };
		F3F49D481556F0AE00579116 /* UIRegesterViewController.m */ = {isa = PBXFileReference; fileEncoding = 4; lastKnownFileType = sourcecode.c.objc; path = UIRegesterViewController.m; sourceTree = "<group>"; };
		F3F49D491556F0AE00579116 /* MPUIView.h */ = {isa = PBXFileReference; fileEncoding = 4; lastKnownFileType = sourcecode.c.h; path = MPUIView.h; sourceTree = "<group>"; };
		F3F49D4A1556F0AE00579116 /* MPUIView.m */ = {isa = PBXFileReference; fileEncoding = 4; lastKnownFileType = sourcecode.c.objc; path = MPUIView.m; sourceTree = "<group>"; };
		F3F49D4B1556F0AE00579116 /* MPUIView.xib */ = {isa = PBXFileReference; fileEncoding = 4; lastKnownFileType = file.xib; path = MPUIView.xib; sourceTree = "<group>"; };
		F3F49D4C1556F0AE00579116 /* UISplashViewController.h */ = {isa = PBXFileReference; fileEncoding = 4; lastKnownFileType = sourcecode.c.h; path = UISplashViewController.h; sourceTree = "<group>"; };
		F3F49D4D1556F0AE00579116 /* UISplashViewController.m */ = {isa = PBXFileReference; fileEncoding = 4; lastKnownFileType = sourcecode.c.objc; path = UISplashViewController.m; sourceTree = "<group>"; };
		F3F49D4E1556F0AE00579116 /* UISplashViewController.xib */ = {isa = PBXFileReference; fileEncoding = 4; lastKnownFileType = file.xib; path = UISplashViewController.xib; sourceTree = "<group>"; };
		F3F49D4F1556F0AE00579116 /* UIRegesterViewController.xib */ = {isa = PBXFileReference; fileEncoding = 4; lastKnownFileType = file.xib; path = UIRegesterViewController.xib; sourceTree = "<group>"; };
		F3F49D561556F0D800579116 /* QuartzCore.framework */ = {isa = PBXFileReference; lastKnownFileType = wrapper.framework; name = QuartzCore.framework; path = System/Library/Frameworks/QuartzCore.framework; sourceTree = SDKROOT; };
		F3F49D5C1557CFEA00579116 /* UIMeetUpRegesterViewController.h */ = {isa = PBXFileReference; fileEncoding = 4; lastKnownFileType = sourcecode.c.h; name = UIMeetUpRegesterViewController.h; path = MeetUP/UIMeetUpRegesterViewController.h; sourceTree = "<group>"; };
		F3F49D5D1557CFEA00579116 /* UIMeetUpRegesterViewController.m */ = {isa = PBXFileReference; fileEncoding = 4; lastKnownFileType = sourcecode.c.objc; name = UIMeetUpRegesterViewController.m; path = MeetUP/UIMeetUpRegesterViewController.m; sourceTree = "<group>"; };
		F3F49D5F1557D01B00579116 /* UIMeetUpRegesterViewController.xib */ = {isa = PBXFileReference; fileEncoding = 4; lastKnownFileType = file.xib; path = UIMeetUpRegesterViewController.xib; sourceTree = "<group>"; };
/* End PBXFileReference section */

/* Begin PBXFrameworksBuildPhase section */
		C06C96BD1551BD11007664B2 /* Frameworks */ = {
			isa = PBXFrameworksBuildPhase;
			buildActionMask = 2147483647;
			files = (
				F3F49D571556F0D800579116 /* QuartzCore.framework in Frameworks */,
				C07454B31551E2FD00A53EAC /* libMSDK.a in Frameworks */,
				C06C96C51551BD11007664B2 /* UIKit.framework in Frameworks */,
				C06C96C71551BD11007664B2 /* Foundation.framework in Frameworks */,
				C06C96C91551BD11007664B2 /* CoreGraphics.framework in Frameworks */,
			);
			runOnlyForDeploymentPostprocessing = 0;
		};
/* End PBXFrameworksBuildPhase section */

/* Begin PBXGroup section */
		C06C96B51551BD10007664B2 = {
			isa = PBXGroup;
			children = (
				C06C96D31551BD11007664B2 /* AppDelegate.h */,
				C06C96D41551BD11007664B2 /* AppDelegate.m */,
				C07454C61551E3E100A53EAC /* Classes */,
				C07454C71551E3F600A53EAC /* Resources */,
				C06C96C31551BD11007664B2 /* Frameworks */,
				C06C96C11551BD11007664B2 /* Products */,
				C06C96CB1551BD11007664B2 /* Supporting Files */,
			);
			sourceTree = "<group>";
		};
		C06C96C11551BD11007664B2 /* Products */ = {
			isa = PBXGroup;
			children = (
				C06C96C01551BD11007664B2 /* MeetUP.app */,
			);
			name = Products;
			sourceTree = "<group>";
		};
		C06C96C31551BD11007664B2 /* Frameworks */ = {
			isa = PBXGroup;
			children = (
				F3F49D561556F0D800579116 /* QuartzCore.framework */,
				C07454A71551E2EB00A53EAC /* MSDK.xcodeproj */,
				F3F49D561556F0D800579116 /* QuartzCore.framework */,
				C06C96C41551BD11007664B2 /* UIKit.framework */,
				C06C96C61551BD11007664B2 /* Foundation.framework */,
				C06C96C81551BD11007664B2 /* CoreGraphics.framework */,
			);
			name = Frameworks;
			sourceTree = "<group>";
		};
		C06C96CB1551BD11007664B2 /* Supporting Files */ = {
			isa = PBXGroup;
			children = (
				C06C96CC1551BD11007664B2 /* MeetUP-Info.plist */,
				C06C96CD1551BD11007664B2 /* InfoPlist.strings */,
				C06C96D01551BD11007664B2 /* main.m */,
				C06C96D21551BD11007664B2 /* MeetUP-Prefix.pch */,
			);
			name = "Supporting Files";
			path = MeetUP;
			sourceTree = "<group>";
		};
		C07454A81551E2EB00A53EAC /* Products */ = {
			isa = PBXGroup;
			children = (
				C07454B01551E2EC00A53EAC /* libMSDK.a */,
			);
			name = Products;
			sourceTree = "<group>";
		};
		C07454C61551E3E100A53EAC /* Classes */ = {
			isa = PBXGroup;
			children = (
				F30AEF9D155A85E10062AAE0 /* Common */,
				F30AEF81155A62A20062AAE0 /* Main Screen */,
				F3F49D5B15572F8000579116 /* Splash */,
				F3F49D5A15572F6600579116 /* Regester */,
				F3F49D491556F0AE00579116 /* MPUIView.h */,
				F3F49D4A1556F0AE00579116 /* MPUIView.m */,
			);
			name = Classes;
			sourceTree = "<group>";
		};
		C07454C71551E3F600A53EAC /* Resources */ = {
			isa = PBXGroup;
			children = (
				F30AEFAA155A9B830062AAE0 /* Common */,
				F30AEF85155A63130062AAE0 /* Main Screen */,
				F3F49D5915572F4E00579116 /* Splash */,
				F3F49D5815572F3100579116 /* Regester */,
				F3F49D4B1556F0AE00579116 /* MPUIView.xib */,
			);
			name = Resources;
			sourceTree = "<group>";
		};
		F30AEF81155A62A20062AAE0 /* Main Screen */ = {
			isa = PBXGroup;
			children = (
				F30AEF82155A62E10062AAE0 /* UIMainScreenViewController.h */,
				F30AEF83155A62E10062AAE0 /* UIMainScreenViewController.m */,
				F30AEFC1155AC3560062AAE0 /* UIMainView.h */,
				F30AEFC2155AC3560062AAE0 /* UIMainView.m */,
				F30AEFC4155AF6000062AAE0 /* UIMenuView.h */,
				F30AEFC5155AF6000062AAE0 /* UIMenuView.m */,
			);
			name = "Main Screen";
			sourceTree = "<group>";
		};
		F30AEF85155A63130062AAE0 /* Main Screen */ = {
			isa = PBXGroup;
			children = (
				F30AEF86155A633D0062AAE0 /* UIMainScreenViewController.xib */,
			);
			name = "Main Screen";
			sourceTree = "<group>";
		};
		F30AEF9D155A85E10062AAE0 /* Common */ = {
			isa = PBXGroup;
			children = (
				F30AEFA4155A86210062AAE0 /* SplitView.h */,
				F30AEFA5155A86210062AAE0 /* SplitView.m */,
			);
			name = Common;
			sourceTree = "<group>";
		};
		F30AEFAA155A9B830062AAE0 /* Common */ = {
			isa = PBXGroup;
			children = (
				F30AEFAF155A9C4C0062AAE0 /* SplitView.xib */,
			);
			name = Common;
			sourceTree = "<group>";
		};
		F3F49D5815572F3100579116 /* Regester */ = {
			isa = PBXGroup;
			children = (
				C06C96DD1551C3C6007664B2 /* FBViewController.xib */,
				C06C96E01551C3C6007664B2 /* MUViewController.xib */,
				C06C96E31551C3C6007664B2 /* VKViewController.xib */,
				F3F49D4F1556F0AE00579116 /* UIRegesterViewController.xib */,
				F3F49D5F1557D01B00579116 /* UIMeetUpRegesterViewController.xib */,
			);
			name = Regester;
			sourceTree = "<group>";
		};
		F3F49D5915572F4E00579116 /* Splash */ = {
			isa = PBXGroup;
			children = (
				F3F49D4E1556F0AE00579116 /* UISplashViewController.xib */,
			);
			name = Splash;
			sourceTree = "<group>";
		};
		F3F49D5A15572F6600579116 /* Regester */ = {
			isa = PBXGroup;
			children = (
				F3F49D5C1557CFEA00579116 /* UIMeetUpRegesterViewController.h */,
				F3F49D5D1557CFEA00579116 /* UIMeetUpRegesterViewController.m */,
				F3F49D471556F0AE00579116 /* UIRegesterViewController.h */,
				F3F49D481556F0AE00579116 /* UIRegesterViewController.m */,
				C06C96DB1551C3C6007664B2 /* FBViewController.h */,
				C06C96DC1551C3C6007664B2 /* FBViewController.m */,
				C06C96DE1551C3C6007664B2 /* MUViewController.h */,
				C06C96DF1551C3C6007664B2 /* MUViewController.m */,
				C06C96E11551C3C6007664B2 /* VKViewController.h */,
				C06C96E21551C3C6007664B2 /* VKViewController.m */,
			);
			name = Regester;
			sourceTree = "<group>";
		};
		F3F49D5B15572F8000579116 /* Splash */ = {
			isa = PBXGroup;
			children = (
				F3F49D4C1556F0AE00579116 /* UISplashViewController.h */,
				F3F49D4D1556F0AE00579116 /* UISplashViewController.m */,
			);
			name = Splash;
			sourceTree = "<group>";
		};
/* End PBXGroup section */

/* Begin PBXNativeTarget section */
		C06C96BF1551BD11007664B2 /* MeetUP */ = {
			isa = PBXNativeTarget;
			buildConfigurationList = C06C96D81551BD11007664B2 /* Build configuration list for PBXNativeTarget "MeetUP" */;
			buildPhases = (
				C06C96BC1551BD11007664B2 /* Sources */,
				C06C96BD1551BD11007664B2 /* Frameworks */,
				C06C96BE1551BD11007664B2 /* Resources */,
			);
			buildRules = (
			);
			dependencies = (
				C07454B21551E2F700A53EAC /* PBXTargetDependency */,
			);
			name = MeetUP;
			productName = MeetUP;
			productReference = C06C96C01551BD11007664B2 /* MeetUP.app */;
			productType = "com.apple.product-type.application";
		};
/* End PBXNativeTarget section */

/* Begin PBXProject section */
		C06C96B71551BD10007664B2 /* Project object */ = {
			isa = PBXProject;
			attributes = {
				LastUpgradeCheck = 0420;
			};
			buildConfigurationList = C06C96BA1551BD10007664B2 /* Build configuration list for PBXProject "MeetUP" */;
			compatibilityVersion = "Xcode 3.2";
			developmentRegion = English;
			hasScannedForEncodings = 0;
			knownRegions = (
				en,
			);
			mainGroup = C06C96B51551BD10007664B2;
			productRefGroup = C06C96C11551BD11007664B2 /* Products */;
			projectDirPath = "";
			projectReferences = (
				{
					ProductGroup = C07454A81551E2EB00A53EAC /* Products */;
					ProjectRef = C07454A71551E2EB00A53EAC /* MSDK.xcodeproj */;
				},
			);
			projectRoot = "";
			targets = (
				C06C96BF1551BD11007664B2 /* MeetUP */,
			);
		};
/* End PBXProject section */

/* Begin PBXReferenceProxy section */
		C07454B01551E2EC00A53EAC /* libMSDK.a */ = {
			isa = PBXReferenceProxy;
			fileType = archive.ar;
			path = libMSDK.a;
			remoteRef = C07454AF1551E2EC00A53EAC /* PBXContainerItemProxy */;
			sourceTree = BUILT_PRODUCTS_DIR;
		};
/* End PBXReferenceProxy section */

/* Begin PBXResourcesBuildPhase section */
		C06C96BE1551BD11007664B2 /* Resources */ = {
			isa = PBXResourcesBuildPhase;
			buildActionMask = 2147483647;
			files = (
				C06C96CF1551BD11007664B2 /* InfoPlist.strings in Resources */,
				C06C96E51551C3C6007664B2 /* FBViewController.xib in Resources */,
				C06C96E71551C3C6007664B2 /* MUViewController.xib in Resources */,
				C06C96E91551C3C6007664B2 /* VKViewController.xib in Resources */,
				F3F49D521556F0AE00579116 /* MPUIView.xib in Resources */,
				F3F49D541556F0AE00579116 /* UISplashViewController.xib in Resources */,
				F3F49D551556F0AE00579116 /* UIRegesterViewController.xib in Resources */,
				F3F49D601557D01B00579116 /* UIMeetUpRegesterViewController.xib in Resources */,
				F30AEF87155A633D0062AAE0 /* UIMainScreenViewController.xib in Resources */,
				F30AEFB0155A9C4C0062AAE0 /* SplitView.xib in Resources */,
			);
			runOnlyForDeploymentPostprocessing = 0;
		};
/* End PBXResourcesBuildPhase section */

/* Begin PBXSourcesBuildPhase section */
		C06C96BC1551BD11007664B2 /* Sources */ = {
			isa = PBXSourcesBuildPhase;
			buildActionMask = 2147483647;
			files = (
				C06C96D11551BD11007664B2 /* main.m in Sources */,
				C06C96D51551BD11007664B2 /* AppDelegate.m in Sources */,
				C06C96E41551C3C6007664B2 /* FBViewController.m in Sources */,
				C06C96E61551C3C6007664B2 /* MUViewController.m in Sources */,
				C06C96E81551C3C6007664B2 /* VKViewController.m in Sources */,
				F3F49D501556F0AE00579116 /* UIRegesterViewController.m in Sources */,
				F3F49D511556F0AE00579116 /* MPUIView.m in Sources */,
				F3F49D531556F0AE00579116 /* UISplashViewController.m in Sources */,
				F3F49D5E1557CFEA00579116 /* UIMeetUpRegesterViewController.m in Sources */,
				F30AEF84155A62E10062AAE0 /* UIMainScreenViewController.m in Sources */,
				F30AEFA9155A86210062AAE0 /* SplitView.m in Sources */,
				F30AEFC3155AC3570062AAE0 /* UIMainView.m in Sources */,
				F30AEFC6155AF6000062AAE0 /* UIMenuView.m in Sources */,
			);
			runOnlyForDeploymentPostprocessing = 0;
		};
/* End PBXSourcesBuildPhase section */

/* Begin PBXTargetDependency section */
		C07454B21551E2F700A53EAC /* PBXTargetDependency */ = {
			isa = PBXTargetDependency;
			name = MSDK;
			targetProxy = C07454B11551E2F700A53EAC /* PBXContainerItemProxy */;
		};
/* End PBXTargetDependency section */

/* Begin PBXVariantGroup section */
		C06C96CD1551BD11007664B2 /* InfoPlist.strings */ = {
			isa = PBXVariantGroup;
			children = (
				C06C96CE1551BD11007664B2 /* en */,
			);
			name = InfoPlist.strings;
			sourceTree = "<group>";
		};
/* End PBXVariantGroup section */

/* Begin XCBuildConfiguration section */
		C06C96D61551BD11007664B2 /* Debug */ = {
			isa = XCBuildConfiguration;
			buildSettings = {
				ALWAYS_SEARCH_USER_PATHS = NO;
				ARCHS = "$(ARCHS_STANDARD_32_BIT)";
				CODE_SIGN_IDENTITY = "iPhone Developer: Михаил Голубев (U77ZQ2VLFA)";
				"CODE_SIGN_IDENTITY[sdk=iphoneos*]" = "iPhone Developer";
				COPY_PHASE_STRIP = NO;
				GCC_C_LANGUAGE_STANDARD = gnu99;
				GCC_DYNAMIC_NO_PIC = NO;
				GCC_OPTIMIZATION_LEVEL = 0;
				GCC_PREPROCESSOR_DEFINITIONS = (
					"DEBUG=1",
					"$(inherited)",
				);
				GCC_SYMBOLS_PRIVATE_EXTERN = NO;
				GCC_VERSION = com.apple.compilers.llvm.clang.1_0;
				GCC_WARN_ABOUT_MISSING_PROTOTYPES = YES;
				GCC_WARN_ABOUT_RETURN_TYPE = YES;
				GCC_WARN_UNUSED_VARIABLE = YES;
				IPHONEOS_DEPLOYMENT_TARGET = 5.0;
				PROVISIONING_PROFILE = "EDCA41DE-1939-434A-AEFE-48115211B0B3";
				SDKROOT = iphoneos;
			};
			name = Debug;
		};
		C06C96D71551BD11007664B2 /* Release */ = {
			isa = XCBuildConfiguration;
			buildSettings = {
				ALWAYS_SEARCH_USER_PATHS = NO;
				ARCHS = "$(ARCHS_STANDARD_32_BIT)";
				CODE_SIGN_IDENTITY = "iPhone Developer: Михаил Голубев (U77ZQ2VLFA)";
				"CODE_SIGN_IDENTITY[sdk=iphoneos*]" = "iPhone Developer";
				COPY_PHASE_STRIP = YES;
				GCC_C_LANGUAGE_STANDARD = gnu99;
				GCC_VERSION = com.apple.compilers.llvm.clang.1_0;
				GCC_WARN_ABOUT_MISSING_PROTOTYPES = YES;
				GCC_WARN_ABOUT_RETURN_TYPE = YES;
				GCC_WARN_UNUSED_VARIABLE = YES;
				IPHONEOS_DEPLOYMENT_TARGET = 5.0;
				OTHER_CFLAGS = "-DNS_BLOCK_ASSERTIONS=1";
				PROVISIONING_PROFILE = "EDCA41DE-1939-434A-AEFE-48115211B0B3";
				SDKROOT = iphoneos;
				VALIDATE_PRODUCT = YES;
			};
			name = Release;
		};
		C06C96D91551BD11007664B2 /* Debug */ = {
			isa = XCBuildConfiguration;
			buildSettings = {
				ALWAYS_SEARCH_USER_PATHS = YES;
				FRAMEWORK_SEARCH_PATHS = "$(MEETUP_SDK)/**";
				GCC_PRECOMPILE_PREFIX_HEADER = YES;
				GCC_PREFIX_HEADER = "MeetUP/MeetUP-Prefix.pch";
				INFOPLIST_FILE = "MeetUP/MeetUP-Info.plist";
				LIBRARY_SEARCH_PATHS = "$(MEETUP_SDK)/**";
				PRODUCT_NAME = "$(TARGET_NAME)";
				USER_HEADER_SEARCH_PATHS = "$(MEETUP_SDK)/**";
				WRAPPER_EXTENSION = app;
			};
			name = Debug;
		};
		C06C96DA1551BD11007664B2 /* Release */ = {
			isa = XCBuildConfiguration;
			buildSettings = {
				ALWAYS_SEARCH_USER_PATHS = YES;
				FRAMEWORK_SEARCH_PATHS = "$(MEETUP_SDK)/**";
				GCC_PRECOMPILE_PREFIX_HEADER = YES;
				GCC_PREFIX_HEADER = "MeetUP/MeetUP-Prefix.pch";
				INFOPLIST_FILE = "MeetUP/MeetUP-Info.plist";
				LIBRARY_SEARCH_PATHS = "$(MEETUP_SDK)/**";
				PRODUCT_NAME = "$(TARGET_NAME)";
				USER_HEADER_SEARCH_PATHS = "$(MEETUP_SDK)/**";
				WRAPPER_EXTENSION = app;
			};
			name = Release;
		};
/* End XCBuildConfiguration section */

/* Begin XCConfigurationList section */
		C06C96BA1551BD10007664B2 /* Build configuration list for PBXProject "MeetUP" */ = {
			isa = XCConfigurationList;
			buildConfigurations = (
				C06C96D61551BD11007664B2 /* Debug */,
				C06C96D71551BD11007664B2 /* Release */,
			);
			defaultConfigurationIsVisible = 0;
			defaultConfigurationName = Release;
		};
		C06C96D81551BD11007664B2 /* Build configuration list for PBXNativeTarget "MeetUP" */ = {
			isa = XCConfigurationList;
			buildConfigurations = (
				C06C96D91551BD11007664B2 /* Debug */,
				C06C96DA1551BD11007664B2 /* Release */,
			);
			defaultConfigurationIsVisible = 0;
			defaultConfigurationName = Release;
		};
/* End XCConfigurationList section */
	};
	rootObject = C06C96B71551BD10007664B2 /* Project object */;
}
